<?xml version="1.0"?>
<CONFIG>
  <ProjectOptions>
    <Version Value="7"/>
    <General>
      <Flags>
        <UseDefaultCompilerOptions Value="True"/>
      </Flags>
      <MainUnit Value="0"/>
      <TargetFileExt Value=""/>
      <ResourceType Value="res"/>
      <UseXPManifest Value="True"/>
      <Icon Value="0"/>
      <ActiveWindowIndexAtStart Value="0"/>
    </General>
    <i18n>
      <EnableI18N LFM="False"/>
    </i18n>
    <VersionInfo>
      <Language Value=""/>
      <CharSet Value=""/>
      <StringTable Comments="" CompanyName="" FileDescription="" FileVersion="" InternalName="" LegalCopyright="" LegalTrademarks="" OriginalFilename="" ProductName="" ProductVersion=""/>
    </VersionInfo>
    <PublishOptions>
      <Version Value="2"/>
      <IgnoreBinaries Value="False"/>
      <IncludeFileFilter Value="*.(pas|pp|inc|lfm|lpr|lrs|lpi|lpk|sh|xml)"/>
      <ExcludeFileFilter Value="*.(bak|ppu|ppw|o|so);*~;backup"/>
    </PublishOptions>
    <RunParams>
      <local>
        <FormatVersion Value="1"/>
        <LaunchingApplication PathPlusParams="/usr/bin/xterm -T 'Lazarus Run Output' -e $(LazarusDir)/tools/runwait.sh $(TargetCmdLine)"/>
      </local>
    </RunParams>
    <RequiredPackages Count="2">
      <Item1>
        <PackageName Value="FormatMemo"/>
        <MinVersion Valid="True"/>
      </Item1>
      <Item2>
        <PackageName Value="LCL"/>
      </Item2>
    </RequiredPackages>
    <Units Count="72">
      <Unit0>
        <Filename Value="teste.lpr"/>
        <IsPartOfProject Value="True"/>
        <UnitName Value="teste"/>
        <WindowIndex Value="0"/>
        <TopLine Value="1"/>
        <CursorPos X="34" Y="7"/>
        <UsageCount Value="81"/>
      </Unit0>
      <Unit1>
        <Filename Value="unit1.pas"/>
        <IsPartOfProject Value="True"/>
        <ComponentName Value="Form1"/>
        <ResourceBaseClass Value="Form"/>
        <UnitName Value="Unit1"/>
        <IsVisibleTab Value="True"/>
        <EditorIndex Value="0"/>
        <WindowIndex Value="0"/>
        <TopLine Value="1"/>
        <CursorPos X="30" Y="7"/>
        <UsageCount Value="81"/>
        <Loaded Value="True"/>
      </Unit1>
      <Unit2>
        <Filename Value="../gtk2/fmemo_gtk2.pas"/>
        <UnitName Value="fmemo_gtk2"/>
        <WindowIndex Value="0"/>
        <TopLine Value="1"/>
        <CursorPos X="1" Y="1"/>
        <UsageCount Value="5"/>
      </Unit2>
      <Unit3>
        <Filename Value="../fmemo.pas"/>
        <UnitName Value="FMemo"/>
        <WindowIndex Value="0"/>
        <TopLine Value="1"/>
        <CursorPos X="34" Y="20"/>
        <UsageCount Value="32"/>
      </Unit3>
      <Unit4>
        <Filename Value="../gtk2/fmemo_gkt2.pas"/>
        <UnitName Value="FMemo_GKT2"/>
        <EditorIndex Value="1"/>
        <WindowIndex Value="0"/>
        <TopLine Value="22"/>
        <CursorPos X="47" Y="22"/>
        <UsageCount Value="39"/>
        <Loaded Value="True"/>
      </Unit4>
      <Unit5>
        <Filename Value="../../richmemo/richmemoregister.pas"/>
        <UnitName Value="richmemoregister"/>
        <WindowIndex Value="0"/>
        <TopLine Value="1"/>
        <CursorPos X="42" Y="8"/>
        <UsageCount Value="5"/>
      </Unit5>
      <Unit6>
        <Filename Value="../../richmemo/richmemo.pas"/>
        <UnitName Value="RichMemo"/>
        <WindowIndex Value="0"/>
        <TopLine Value="134"/>
        <CursorPos X="20" Y="6"/>
        <UsageCount Value="7"/>
      </Unit6>
      <Unit7>
        <Filename Value="../../../../../../share/fpcsrc/2.5.1/rtl/inc/objpash.inc"/>
        <WindowIndex Value="0"/>
        <TopLine Value="176"/>
        <CursorPos X="23" Y="192"/>
        <UsageCount Value="5"/>
      </Unit7>
      <Unit8>
        <Filename Value="../../../lcl/stdctrls.pp"/>
        <UnitName Value="StdCtrls"/>
        <WindowIndex Value="0"/>
        <TopLine Value="812"/>
        <CursorPos X="3" Y="787"/>
        <UsageCount Value="7"/>
      </Unit8>
      <Unit9>
        <Filename Value="../fmemo.lrs"/>
        <WindowIndex Value="0"/>
        <TopLine Value="1"/>
        <CursorPos X="17" Y="1"/>
        <UsageCount Value="5"/>
      </Unit9>
      <Unit10>
        <Filename Value="../formatmemo.pas"/>
        <UnitName Value="formatmemo"/>
        <WindowIndex Value="0"/>
        <TopLine Value="1"/>
        <CursorPos X="50" Y="16"/>
        <UsageCount Value="5"/>
      </Unit10>
      <Unit11>
        <Filename Value="../fmemo_types.pas"/>
        <UnitName Value="FMemo_Types"/>
        <WindowIndex Value="0"/>
        <TopLine Value="1"/>
        <CursorPos X="16" Y="1"/>
        <UsageCount Value="5"/>
      </Unit11>
      <Unit12>
        <Filename Value="../../../lcl/graphics.pp"/>
        <UnitName Value="Graphics"/>
        <WindowIndex Value="0"/>
        <TopLine Value="1"/>
        <CursorPos X="36" Y="12"/>
        <UsageCount Value="13"/>
      </Unit12>
      <Unit13>
        <Filename Value="../../richmemo/wsrichmemo.pas"/>
        <UnitName Value="WSRichMemo"/>
        <WindowIndex Value="0"/>
        <TopLine Value="1"/>
        <CursorPos X="28" Y="26"/>
        <UsageCount Value="21"/>
      </Unit13>
      <Unit14>
        <Filename Value="../../richmemo/gtk2/gtk2richmemo.pas"/>
        <UnitName Value="Gtk2RichMemo"/>
        <WindowIndex Value="0"/>
        <TopLine Value="220"/>
        <CursorPos X="61" Y="94"/>
        <UsageCount Value="38"/>
      </Unit14>
      <Unit15>
        <Filename Value="../../../lcl/lcltype.pp"/>
        <UnitName Value="LCLType"/>
        <WindowIndex Value="0"/>
        <TopLine Value="1190"/>
        <CursorPos X="3" Y="1200"/>
        <UsageCount Value="11"/>
      </Unit15>
      <Unit16>
        <Filename Value="../fmemo_type.pas"/>
        <UnitName Value="FMemo_Type"/>
        <WindowIndex Value="0"/>
        <TopLine Value="22"/>
        <CursorPos X="1" Y="29"/>
        <UsageCount Value="39"/>
      </Unit16>
      <Unit17>
        <Filename Value="../../../lcl/include/customedit.inc"/>
        <WindowIndex Value="0"/>
        <TopLine Value="1"/>
        <CursorPos X="59" Y="186"/>
        <UsageCount Value="5"/>
      </Unit17>
      <Unit18>
        <Filename Value="../../../lcl/widgetset/wsstdctrls.pp"/>
        <UnitName Value="WSStdCtrls"/>
        <WindowIndex Value="0"/>
        <TopLine Value="207"/>
        <CursorPos X="83" Y="281"/>
        <UsageCount Value="5"/>
      </Unit18>
      <Unit19>
        <Filename Value="../../../../../../share/fpcsrc/2.5.1/packages/gtk2/src/gtk+/gtk/gtkenums.inc"/>
        <WindowIndex Value="0"/>
        <TopLine Value="1"/>
        <CursorPos X="4" Y="67"/>
        <UsageCount Value="9"/>
      </Unit19>
      <Unit20>
        <Filename Value="../../../../../../share/fpcsrc/2.5.1/packages/gtk2/src/pango/pango-font.inc"/>
        <WindowIndex Value="0"/>
        <TopLine Value="1"/>
        <CursorPos X="39" Y="198"/>
        <UsageCount Value="11"/>
      </Unit20>
      <Unit21>
        <Filename Value="../../../../../../share/fpcsrc/2.5.1/packages/gtk2/src/pango/pango-attributes.inc"/>
        <WindowIndex Value="0"/>
        <TopLine Value="88"/>
        <CursorPos X="38" Y="96"/>
        <UsageCount Value="9"/>
      </Unit21>
      <Unit22>
        <Filename Value="../../../../../../share/fpcsrc/2.5.1/packages/gtk2/src/glib/glist.inc"/>
        <WindowIndex Value="0"/>
        <TopLine Value="1"/>
        <CursorPos X="4" Y="4"/>
        <UsageCount Value="5"/>
      </Unit22>
      <Unit23>
        <Filename Value="../../../../../../share/fpcsrc/2.5.1/packages/gtk2/src/gtk+/gtk/gtkcontainer.inc"/>
        <WindowIndex Value="0"/>
        <TopLine Value="1"/>
        <CursorPos X="54" Y="253"/>
        <UsageCount Value="6"/>
      </Unit23>
      <Unit24>
        <Filename Value="../../../../../../share/fpcsrc/2.5.1/packages/gtk2/src/gtk+/gtk/gtktextview.inc"/>
        <WindowIndex Value="0"/>
        <TopLine Value="234"/>
        <CursorPos X="79" Y="244"/>
        <UsageCount Value="7"/>
      </Unit24>
      <Unit25>
        <Filename Value="../../../../../../share/fpcsrc/2.5.1/packages/gtk2/src/gtk+/gtk/gtkwidget.inc"/>
        <WindowIndex Value="0"/>
        <TopLine Value="93"/>
        <CursorPos X="4" Y="96"/>
        <UsageCount Value="6"/>
      </Unit25>
      <Unit26>
        <Filename Value="../../../../../../share/fpcsrc/2.5.1/rtl/inc/systemh.inc"/>
        <WindowIndex Value="0"/>
        <TopLine Value="250"/>
        <CursorPos X="3" Y="260"/>
        <UsageCount Value="7"/>
      </Unit26>
      <Unit27>
        <Filename Value="../../../lcl/controls.pp"/>
        <UnitName Value="Controls"/>
        <WindowIndex Value="0"/>
        <TopLine Value="1163"/>
        <CursorPos X="19" Y="1173"/>
        <UsageCount Value="7"/>
      </Unit27>
      <Unit28>
        <Filename Value="../../../../../../share/fpcsrc/2.5.1/rtl/objpas/sysutils/sysutilh.inc"/>
        <WindowIndex Value="0"/>
        <TopLine Value="49"/>
        <CursorPos X="4" Y="59"/>
        <UsageCount Value="11"/>
      </Unit28>
      <Unit29>
        <Filename Value="../../../lcl/interfaces/gtk2/gtk2proc.pp"/>
        <UnitName Value="Gtk2Proc"/>
        <WindowIndex Value="0"/>
        <TopLine Value="965"/>
        <CursorPos X="12" Y="968"/>
        <UsageCount Value="17"/>
      </Unit29>
      <Unit30>
        <Filename Value="../../../lcl/interfaces/gtk2/gtk2wscontrols.pp"/>
        <UnitName Value="Gtk2WSControls"/>
        <WindowIndex Value="0"/>
        <TopLine Value="274"/>
        <CursorPos X="1" Y="1"/>
        <UsageCount Value="7"/>
      </Unit30>
      <Unit31>
        <Filename Value="../../../lcl/interfaces/gtk2/gtk2int.pas"/>
        <UnitName Value="Gtk2Int"/>
        <WindowIndex Value="0"/>
        <TopLine Value="227"/>
        <CursorPos X="3" Y="69"/>
        <UsageCount Value="7"/>
      </Unit31>
      <Unit32>
        <Filename Value="../../../lcl/interfaces/gtk2/gtk2proc.inc"/>
        <WindowIndex Value="0"/>
        <TopLine Value="1124"/>
        <CursorPos X="33" Y="1077"/>
        <UsageCount Value="16"/>
      </Unit32>
      <Unit33>
        <Filename Value="../../../lcl/interfaces/gtk2/gtk2def.pp"/>
        <UnitName Value="Gtk2Def"/>
        <WindowIndex Value="0"/>
        <TopLine Value="154"/>
        <CursorPos X="36" Y="166"/>
        <UsageCount Value="14"/>
      </Unit33>
      <Unit34>
        <Filename Value="../../../../../../share/fpcsrc/2.5.1/packages/gtk2/src/gtk+/gtk/gtktextbuffer.inc"/>
        <WindowIndex Value="0"/>
        <TopLine Value="123"/>
        <CursorPos X="103" Y="139"/>
        <UsageCount Value="7"/>
      </Unit34>
      <Unit35>
        <Filename Value="../../../../../../share/fpcsrc/2.5.1/packages/gtk2/src/glib/gtypes.inc"/>
        <WindowIndex Value="0"/>
        <TopLine Value="12"/>
        <CursorPos X="4" Y="22"/>
        <UsageCount Value="6"/>
      </Unit35>
      <Unit36>
        <Filename Value="../../../../../../share/fpcsrc/2.5.1/packages/gtk2/src/gtk+/gdk/gdkpixmap.inc"/>
        <WindowIndex Value="0"/>
        <TopLine Value="29"/>
        <CursorPos X="39" Y="36"/>
        <UsageCount Value="9"/>
      </Unit36>
      <Unit37>
        <Filename Value="../../../../../../share/fpcsrc/2.5.1/packages/gtk2/src/gtk+/gdk/gdk2.pas"/>
        <UnitName Value="gdk2"/>
        <WindowIndex Value="0"/>
        <TopLine Value="64"/>
        <CursorPos X="1" Y="1"/>
        <UsageCount Value="6"/>
      </Unit37>
      <Unit38>
        <Filename Value="../../../../../../share/fpcsrc/2.5.1/packages/gtk1/src/gdk/gdk.pp"/>
        <UnitName Value="gdk"/>
        <WindowIndex Value="0"/>
        <TopLine Value="1"/>
        <CursorPos X="1" Y="1"/>
        <UsageCount Value="6"/>
      </Unit38>
      <Unit39>
        <Filename Value="../../../../../../share/fpcsrc/2.5.1/packages/gtk2/src/gtk+/gdk-pixbuf/gdk2pixbuf.pas"/>
        <UnitName Value="gdk2pixbuf"/>
        <WindowIndex Value="0"/>
        <TopLine Value="1"/>
        <CursorPos X="10" Y="214"/>
        <UsageCount Value="14"/>
      </Unit39>
      <Unit40>
        <Filename Value="../../../../../../share/fpcsrc/2.5.1/packages/gtk2/src/gtk+/gtk/gtktextiter.inc"/>
        <WindowIndex Value="0"/>
        <TopLine Value="52"/>
        <CursorPos X="10" Y="90"/>
        <UsageCount Value="9"/>
      </Unit40>
      <Unit41>
        <Filename Value="../../../lcl/dialogs.pp"/>
        <UnitName Value="Dialogs"/>
        <WindowIndex Value="0"/>
        <TopLine Value="158"/>
        <CursorPos X="3" Y="63"/>
        <UsageCount Value="8"/>
      </Unit41>
      <Unit42>
        <Filename Value="../../../lcl/include/fontdialog.inc"/>
        <WindowIndex Value="0"/>
        <TopLine Value="1"/>
        <CursorPos X="3" Y="55"/>
        <UsageCount Value="6"/>
      </Unit42>
      <Unit43>
        <Filename Value="../../../../../../share/fpcsrc/2.5.1/packages/gtk2/src/glib/gobject.inc"/>
        <WindowIndex Value="0"/>
        <TopLine Value="109"/>
        <CursorPos X="11" Y="119"/>
        <UsageCount Value="6"/>
      </Unit43>
      <Unit44>
        <Filename Value="../../../../../../share/fpcsrc/2.5.1/packages/gtk2/src/glib/gmacros.inc"/>
        <WindowIndex Value="0"/>
        <TopLine Value="1"/>
        <CursorPos X="1" Y="1"/>
        <UsageCount Value="6"/>
      </Unit44>
      <Unit45>
        <Filename Value="../../../../../../share/fpcsrc/2.5.1/packages/gtk2/src/gtk+/gtk/gtktexttag.inc"/>
        <WindowIndex Value="0"/>
        <TopLine Value="1"/>
        <CursorPos X="38" Y="101"/>
        <UsageCount Value="8"/>
      </Unit45>
      <Unit46>
        <Filename Value="../../../../../../share/fpcsrc/2.5.1/packages/gtk2/src/pango/pango.pas"/>
        <UnitName Value="pango"/>
        <WindowIndex Value="0"/>
        <TopLine Value="1"/>
        <CursorPos X="1" Y="1"/>
        <UsageCount Value="10"/>
      </Unit46>
      <Unit47>
        <Filename Value="../../../../../../share/fpcsrc/2.5.1/packages/gtk2/src/pango/pango-types.inc"/>
        <WindowIndex Value="0"/>
        <TopLine Value="25"/>
        <CursorPos X="3" Y="35"/>
        <UsageCount Value="7"/>
      </Unit47>
      <Unit48>
        <Filename Value="unit2.pas"/>
        <IsPartOfProject Value="True"/>
        <ComponentName Value="Formatar"/>
        <ResourceBaseClass Value="Form"/>
        <UnitName Value="Unit2"/>
        <EditorIndex Value="2"/>
        <WindowIndex Value="0"/>
        <TopLine Value="69"/>
        <CursorPos X="63" Y="88"/>
        <UsageCount Value="52"/>
        <Loaded Value="True"/>
      </Unit48>
      <Unit49>
        <Filename Value="../../../lcl/colorbox.pas"/>
        <UnitName Value="ColorBox"/>
        <WindowIndex Value="0"/>
        <TopLine Value="550"/>
        <CursorPos X="10" Y="561"/>
        <UsageCount Value="8"/>
      </Unit49>
      <Unit50>
        <Filename Value="../../../../../../share/fpcsrc/2.5.1/rtl/objpas/classes/classesh.inc"/>
        <WindowIndex Value="0"/>
        <TopLine Value="570"/>
        <CursorPos X="19" Y="580"/>
        <UsageCount Value="7"/>
      </Unit50>
      <Unit51>
        <Filename Value="../../../../../../share/fpcsrc/2.5.1/rtl/objpas/classes/stringl.inc"/>
        <WindowIndex Value="0"/>
        <TopLine Value="419"/>
        <CursorPos X="3" Y="429"/>
        <UsageCount Value="7"/>
      </Unit51>
      <Unit52>
        <Filename Value="../../../lcl/include/control.inc"/>
        <WindowIndex Value="0"/>
        <TopLine Value="1193"/>
        <CursorPos X="3" Y="1198"/>
        <UsageCount Value="7"/>
      </Unit52>
      <Unit53>
        <Filename Value="../../../../../../share/fpcsrc/2.5.1/rtl/objpas/sysutils/sysstrh.inc"/>
        <WindowIndex Value="0"/>
        <TopLine Value="108"/>
        <CursorPos X="10" Y="118"/>
        <UsageCount Value="7"/>
      </Unit53>
      <Unit54>
        <Filename Value="../../../lcl/graphtype.pp"/>
        <UnitName Value="GraphType"/>
        <WindowIndex Value="0"/>
        <TopLine Value="176"/>
        <CursorPos X="14" Y="188"/>
        <UsageCount Value="10"/>
      </Unit54>
      <Unit55>
        <Filename Value="../../../../../../share/fpcsrc/2.5.1/packages/fcl-image/src/fpimage.pp"/>
        <UnitName Value="FPimage"/>
        <WindowIndex Value="0"/>
        <TopLine Value="20"/>
        <CursorPos X="3" Y="30"/>
        <UsageCount Value="8"/>
      </Unit55>
      <Unit56>
        <Filename Value="../../../lcl/include/pen.inc"/>
        <WindowIndex Value="0"/>
        <TopLine Value="510"/>
        <CursorPos X="18" Y="520"/>
        <UsageCount Value="8"/>
      </Unit56>
      <Unit57>
        <Filename Value="../../../../../../share/fpcsrc/2.5.1/packages/fcl-image/src/fpcanvas.pp"/>
        <UnitName Value="FPCanvas"/>
        <WindowIndex Value="0"/>
        <TopLine Value="47"/>
        <CursorPos X="20" Y="57"/>
        <UsageCount Value="8"/>
      </Unit57>
      <Unit58>
        <Filename Value="../../../../../../share/fpcsrc/2.5.1/packages/fcl-image/src/fphelper.inc"/>
        <WindowIndex Value="0"/>
        <TopLine Value="51"/>
        <CursorPos X="22" Y="60"/>
        <UsageCount Value="8"/>
      </Unit58>
      <Unit59>
        <Filename Value="../../../lcl/lclproc.pas"/>
        <UnitName Value="LCLProc"/>
        <WindowIndex Value="0"/>
        <TopLine Value="303"/>
        <CursorPos X="10" Y="312"/>
        <UsageCount Value="8"/>
      </Unit59>
      <Unit60>
        <Filename Value="../../../lcl/lclintf.pas"/>
        <UnitName Value="LCLIntf"/>
        <WindowIndex Value="0"/>
        <TopLine Value="64"/>
        <CursorPos X="1" Y="1"/>
        <UsageCount Value="8"/>
      </Unit60>
      <Unit61>
        <Filename Value="../../../lcl/interfaces/gtk2/gtk2wscomctrls.pp"/>
        <UnitName Value="Gtk2WSComCtrls"/>
        <WindowIndex Value="0"/>
        <TopLine Value="238"/>
        <CursorPos X="19" Y="248"/>
        <UsageCount Value="11"/>
      </Unit61>
      <Unit62>
        <Filename Value="../../../lcl/interfaces/gtk2/gtk2wscustomlistview.inc"/>
        <WindowIndex Value="0"/>
        <TopLine Value="1693"/>
        <CursorPos X="18" Y="1698"/>
        <UsageCount Value="11"/>
      </Unit62>
      <Unit63>
        <Filename Value="../../../lcl/include/picture.inc"/>
        <WindowIndex Value="0"/>
        <TopLine Value="673"/>
        <CursorPos X="13" Y="684"/>
        <UsageCount Value="8"/>
      </Unit63>
      <Unit64>
        <Filename Value="../../../../../../share/fpcsrc/2.5.1/packages/gtk2/src/gtk+/gdk/gdkdrawable.inc"/>
        <WindowIndex Value="0"/>
        <TopLine Value="103"/>
        <CursorPos X="11" Y="113"/>
        <UsageCount Value="12"/>
      </Unit64>
      <Unit65>
        <Filename Value="../../../../../../share/fpcsrc/2.5.1/packages/gtk2/src/gtk+/gdk/gdkpixbuf.inc"/>
        <WindowIndex Value="0"/>
        <TopLine Value="16"/>
        <CursorPos X="11" Y="12"/>
        <UsageCount Value="11"/>
      </Unit65>
      <Unit66>
        <Filename Value="../../../../../../share/fpcsrc/2.5.1/packages/gtk2/src/gtk+/gtk/gtkpixmap.inc"/>
        <WindowIndex Value="0"/>
        <TopLine Value="34"/>
        <CursorPos X="10" Y="44"/>
        <UsageCount Value="9"/>
      </Unit66>
      <Unit67>
        <Filename Value="../../../../../../share/fpcsrc/2.5.1/packages/gtk2/src/gtk+/gdk/gdkrgb.inc"/>
        <WindowIndex Value="0"/>
        <TopLine Value="1"/>
        <CursorPos X="66" Y="4"/>
        <UsageCount Value="12"/>
      </Unit67>
      <Unit68>
        <Filename Value="unit3.pas"/>
        <IsPartOfProject Value="True"/>
        <ComponentName Value="Form2"/>
        <ResourceBaseClass Value="Form"/>
        <UnitName Value="Unit3"/>
        <EditorIndex Value="3"/>
        <WindowIndex Value="0"/>
        <TopLine Value="1"/>
        <CursorPos X="39" Y="20"/>
        <UsageCount Value="22"/>
        <Loaded Value="True"/>
      </Unit68>
      <Unit69>
        <Filename Value="../../../../../../share/fpcsrc/2.5.1/packages/gtk2/src/gtk+/gtk/gtk2.pas"/>
        <UnitName Value="gtk2"/>
        <WindowIndex Value="0"/>
        <TopLine Value="1"/>
        <CursorPos X="1" Y="1"/>
        <UsageCount Value="10"/>
      </Unit69>
      <Unit70>
        <Filename Value="../../../lcl/intfgraphics.pas"/>
        <UnitName Value="IntfGraphics"/>
        <WindowIndex Value="0"/>
        <TopLine Value="5"/>
        <CursorPos X="3" Y="113"/>
        <UsageCount Value="10"/>
      </Unit70>
      <Unit71>
        <Filename Value="../../../../../../share/fpcsrc/2.5.1/rtl/unix/classes.pp"/>
        <UnitName Value="Classes"/>
        <WindowIndex Value="0"/>
        <TopLine Value="1"/>
        <CursorPos X="1" Y="1"/>
        <UsageCount Value="10"/>
      </Unit71>
    </Units>
    <JumpHistory Count="9" HistoryIndex="8">
      <Position1>
        <Filename Value="unit1.pas"/>
        <Caret Line="94" Column="36" TopLine="79"/>
      </Position1>
      <Position2>
        <Filename Value="unit1.pas"/>
        <Caret Line="94" Column="5" TopLine="80"/>
      </Position2>
      <Position3>
        <Filename Value="unit1.pas"/>
        <Caret Line="95" Column="5" TopLine="81"/>
      </Position3>
      <Position4>
        <Filename Value="unit1.pas"/>
        <Caret Line="94" Column="5" TopLine="80"/>
      </Position4>
      <Position5>
        <Filename Value="unit1.pas"/>
        <Caret Line="89" Column="81" TopLine="10"/>
      </Position5>
      <Position6>
        <Filename Value="unit1.pas"/>
        <Caret Line="88" Column="81" TopLine="69"/>
      </Position6>
      <Position7>
        <Filename Value="unit3.pas"/>
        <Caret Line="1" Column="1" TopLine="1"/>
      </Position7>
      <Position8>
        <Filename Value="unit1.pas"/>
        <Caret Line="9" Column="16" TopLine="1"/>
      </Position8>
      <Position9>
        <Filename Value="unit1.pas"/>
        <Caret Line="7" Column="30" TopLine="1"/>
      </Position9>
    </JumpHistory>
  </ProjectOptions>
  <CompilerOptions>
    <Version Value="9"/>
    <Target>
      <Filename Value="teste"/>
    </Target>
    <SearchPaths>
      <IncludeFiles Value="$(ProjOutDir)/"/>
      <UnitOutputDirectory Value="lib/$(TargetCPU)-$(TargetOS)"/>
    </SearchPaths>
    <Linking>
      <Options>
        <Win32>
          <GraphicApplication Value="True"/>
        </Win32>
      </Options>
    </Linking>
    <Other>
      <CompilerPath Value="$(CompPath)"/>
    </Other>
  </CompilerOptions>
  <Debugging>
    <Exceptions Count="3">
      <Item1>
        <Name Value="EAbort"/>
      </Item1>
      <Item2>
        <Name Value="ECodetoolError"/>
      </Item2>
      <Item3>
        <Name Value="EFOpenError"/>
      </Item3>
    </Exceptions>
  </Debugging>
</CONFIG>
