<?xml version="1.0"?>
<CONFIG>
  <ProjectOptions>
    <PathDelim Value="\"/>
    <Version Value="8"/>
    <General>
      <MainUnit Value="0"/>
      <TargetFileExt Value=".exe"/>
      <ResourceType Value="res"/>
      <UseXPManifest Value="True"/>
      <Icon Value="0"/>
      <ActiveWindowIndexAtStart Value="0"/>
    </General>
    <i18n>
      <EnableI18N LFM="False"/>
    </i18n>
    <VersionInfo>
      <StringTable ProductVersion="" CompanyName="" FileDescription="" FileVersion="" InternalName="" OriginalFilename="" ProductName=""/>
    </VersionInfo>
    <PublishOptions>
      <Version Value="2"/>
      <IncludeFileFilter Value="*.(pas|pp|inc|lfm|lpr|lrs|lpi|lpk|sh|xml)"/>
      <ExcludeFileFilter Value="*.(bak|ppu|o|so);*~;backup"/>
    </PublishOptions>
    <RunParams>
      <local>
        <FormatVersion Value="1"/>
        <LaunchingApplication PathPlusParams="\usr\bin\xterm -T 'Lazarus Run Output' -e $(LazarusDir)\tools\runwait.sh $(TargetCmdLine)"/>
      </local>
    </RunParams>
    <RequiredPackages Count="2">
      <Item1>
        <PackageName Value="LazRichEdit"/>
        <MinVersion Valid="True"/>
      </Item1>
      <Item2>
        <PackageName Value="LCL"/>
      </Item2>
    </RequiredPackages>
    <Units Count="93">
      <Unit0>
        <Filename Value="exRichEdit.lpr"/>
        <IsPartOfProject Value="True"/>
        <UnitName Value="exRichEdit"/>
        <WindowIndex Value="0"/>
        <TopLine Value="7"/>
        <CursorPos X="30" Y="15"/>
        <UsageCount Value="122"/>
      </Unit0>
      <Unit1>
        <Filename Value="uprincipal.pas"/>
        <IsPartOfProject Value="True"/>
        <ComponentName Value="Form1"/>
        <ResourceBaseClass Value="Form"/>
        <UnitName Value="UPrincipal"/>
        <IsVisibleTab Value="True"/>
        <EditorIndex Value="0"/>
        <WindowIndex Value="0"/>
        <TopLine Value="473"/>
        <CursorPos X="24" Y="478"/>
        <UsageCount Value="122"/>
        <Loaded Value="True"/>
        <LoadedDesigner Value="True"/>
      </Unit1>
      <Unit2>
        <Filename Value="C:\lazarus\lcl\dialogs.pp"/>
        <UnitName Value="Dialogs"/>
        <WindowIndex Value="0"/>
        <TopLine Value="26"/>
        <CursorPos X="54" Y="36"/>
        <UsageCount Value="14"/>
      </Unit2>
      <Unit3>
        <Filename Value="C:\lazarus\lcl\forms.pp"/>
        <UnitName Value="Forms"/>
        <WindowIndex Value="0"/>
        <TopLine Value="59"/>
        <CursorPos X="25" Y="69"/>
        <UsageCount Value="9"/>
      </Unit3>
      <Unit4>
        <Filename Value="C:\lazarus\components\RichEdit\lzrichedit.pas"/>
        <UnitName Value="lzRichEdit"/>
        <WindowIndex Value="0"/>
        <TopLine Value="16"/>
        <CursorPos X="32" Y="26"/>
        <UsageCount Value="9"/>
      </Unit4>
      <Unit5>
        <Filename Value="C:\lazarus\fpc\2.4.0\source\rtl\objpas\sysutils\finah.inc"/>
        <WindowIndex Value="0"/>
        <TopLine Value="22"/>
        <CursorPos X="10" Y="27"/>
        <UsageCount Value="6"/>
      </Unit5>
      <Unit6>
        <Filename Value="C:\lazarus\fpc\2.4.0\source\rtl\objpas\sysutils\filutilh.inc"/>
        <WindowIndex Value="0"/>
        <TopLine Value="47"/>
        <CursorPos X="11" Y="53"/>
        <UsageCount Value="5"/>
      </Unit6>
      <Unit7>
        <Filename Value="C:\lazarus\fpc\2.4.0\source\rtl\objpas\sysutils\sysutils.inc"/>
        <WindowIndex Value="0"/>
        <TopLine Value="64"/>
        <CursorPos X="5" Y="68"/>
        <UsageCount Value="4"/>
      </Unit7>
      <Unit8>
        <Filename Value="C:\lazarus\fpc\2.4.0\source\rtl\objpas\classes\classesh.inc"/>
        <WindowIndex Value="0"/>
        <TopLine Value="66"/>
        <CursorPos X="3" Y="76"/>
        <UsageCount Value="5"/>
      </Unit8>
      <Unit9>
        <Filename Value="C:\lazarus\fpc\2.4.0\source\packages\fcl-process\src\process.pp"/>
        <UnitName Value="process"/>
        <WindowIndex Value="0"/>
        <TopLine Value="14"/>
        <CursorPos X="32" Y="26"/>
        <UsageCount Value="3"/>
      </Unit9>
      <Unit10>
        <Filename Value="C:\lazarus\lcl\lclproc.pas"/>
        <UnitName Value="LCLProc"/>
        <WindowIndex Value="0"/>
        <TopLine Value="321"/>
        <CursorPos X="23" Y="337"/>
        <UsageCount Value="7"/>
      </Unit10>
      <Unit11>
        <Filename Value="C:\lazarus\components\RichEdit\lzrichedittypes.pas"/>
        <UnitName Value="lzRichEditTypes"/>
        <WindowIndex Value="0"/>
        <TopLine Value="15"/>
        <CursorPos X="40" Y="25"/>
        <UsageCount Value="5"/>
      </Unit11>
      <Unit12>
        <Filename Value="C:\lazarus\lcl\graphics.pp"/>
        <UnitName Value="Graphics"/>
        <WindowIndex Value="0"/>
        <TopLine Value="1881"/>
        <CursorPos X="17" Y="1891"/>
        <UsageCount Value="8"/>
      </Unit12>
      <Unit13>
        <Filename Value="C:\lazarus\components\RichEdit\Windows\win_wslzrichedit.pas"/>
        <UnitName Value="Win_WSlzRichEdit"/>
        <WindowIndex Value="0"/>
        <TopLine Value="357"/>
        <CursorPos X="3" Y="351"/>
        <UsageCount Value="4"/>
      </Unit13>
      <Unit14>
        <Filename Value="C:\lazarus\components\RichEdit\wslzrichedit.pas"/>
        <UnitName Value="WSlzRichEdit"/>
        <WindowIndex Value="0"/>
        <TopLine Value="127"/>
        <CursorPos X="1" Y="145"/>
        <UsageCount Value="4"/>
      </Unit14>
      <Unit15>
        <Filename Value="C:\lazarus\lcl\stdctrls.pp"/>
        <UnitName Value="StdCtrls"/>
        <WindowIndex Value="0"/>
        <TopLine Value="732"/>
        <CursorPos X="17" Y="747"/>
        <UsageCount Value="5"/>
      </Unit15>
      <Unit16>
        <Filename Value="C:\lazarus\lcl\controls.pp"/>
        <UnitName Value="Controls"/>
        <WindowIndex Value="0"/>
        <TopLine Value="1735"/>
        <CursorPos X="28" Y="1740"/>
        <UsageCount Value="4"/>
      </Unit16>
      <Unit17>
        <Filename Value="C:\lazarus\components\RichEdit\lzrichedit.inc"/>
        <TopLine Value="5"/>
        <CursorPos X="46" Y="9"/>
        <UsageCount Value="4"/>
      </Unit17>
      <Unit18>
        <Filename Value="C:\lazarus\lcl\widgetset\wscontrols.pp"/>
        <UnitName Value="WSControls"/>
        <WindowIndex Value="0"/>
        <TopLine Value="93"/>
        <CursorPos X="21" Y="103"/>
        <UsageCount Value="4"/>
      </Unit18>
      <Unit19>
        <Filename Value="C:\lazarus\fpc\2.4.0\source\packages\winunits-base\src\richedit.pp"/>
        <UnitName Value="richedit"/>
        <WindowIndex Value="0"/>
        <TopLine Value="59"/>
        <CursorPos X="6" Y="69"/>
        <UsageCount Value="6"/>
      </Unit19>
      <Unit20>
        <Filename Value="ulocalizar.pas"/>
        <IsPartOfProject Value="True"/>
        <ComponentName Value="frmLocalizar"/>
        <ResourceBaseClass Value="Form"/>
        <UnitName Value="ULocalizar"/>
        <WindowIndex Value="0"/>
        <TopLine Value="26"/>
        <CursorPos X="27" Y="4"/>
        <UsageCount Value="102"/>
      </Unit20>
      <Unit21>
        <Filename Value="C:\lazarus\components\lzRichEdit\lzrichedit.pas"/>
        <UnitName Value="lzRichEdit"/>
        <WindowIndex Value="0"/>
        <TopLine Value="44"/>
        <CursorPos X="22" Y="49"/>
        <UsageCount Value="7"/>
      </Unit21>
      <Unit22>
        <Filename Value="C:\lazarus\components\lzRichEdit\Windows\win_wslzrichedit.pas"/>
        <UnitName Value="Win_WSlzRichEdit"/>
        <WindowIndex Value="0"/>
        <TopLine Value="61"/>
        <CursorPos X="30" Y="23"/>
        <UsageCount Value="7"/>
      </Unit22>
      <Unit23>
        <Filename Value="C:\lazarus\fpc\2.4.3\source\rtl\objpas\sysutils\filutilh.inc"/>
        <WindowIndex Value="0"/>
        <TopLine Value="77"/>
        <CursorPos X="10" Y="89"/>
        <UsageCount Value="5"/>
      </Unit23>
      <Unit24>
        <Filename Value="C:\lazarus\lcl\include\customedit.inc"/>
        <WindowIndex Value="0"/>
        <TopLine Value="266"/>
        <CursorPos X="3" Y="268"/>
        <UsageCount Value="5"/>
      </Unit24>
      <Unit25>
        <Filename Value="C:\lazarus\fpc\2.4.0\source\rtl\objpas\sysutils\sysstrh.inc"/>
        <WindowIndex Value="0"/>
        <TopLine Value="110"/>
        <CursorPos X="10" Y="120"/>
        <UsageCount Value="6"/>
      </Unit25>
      <Unit26>
        <Filename Value="C:\lazarus\lcl\lcltype.pp"/>
        <UnitName Value="LCLType"/>
        <WindowIndex Value="0"/>
        <TopLine Value="2601"/>
        <CursorPos X="17" Y="2614"/>
        <UsageCount Value="6"/>
      </Unit26>
      <Unit27>
        <Filename Value="C:\lazarus\fpc\2.4.0\source\rtl\inc\systemh.inc"/>
        <WindowIndex Value="0"/>
        <TopLine Value="250"/>
        <CursorPos X="3" Y="260"/>
        <UsageCount Value="6"/>
      </Unit27>
      <Unit28>
        <Filename Value="C:\lazarus\lcl\include\graphic.inc"/>
        <WindowIndex Value="0"/>
        <TopLine Value="200"/>
        <CursorPos X="29" Y="208"/>
        <UsageCount Value="6"/>
      </Unit28>
      <Unit29>
        <Filename Value="C:\lazarus\components\lzRichEdit\lzrichedittypes.pas"/>
        <UnitName Value="lzRichEditTypes"/>
        <WindowIndex Value="0"/>
        <TopLine Value="1"/>
        <CursorPos X="26" Y="8"/>
        <UsageCount Value="6"/>
      </Unit29>
      <Unit30>
        <Filename Value="uparagrafo.pas"/>
        <IsPartOfProject Value="True"/>
        <ComponentName Value="frmParagrafo"/>
        <ResourceBaseClass Value="Form"/>
        <UnitName Value="UParagrafo"/>
        <WindowIndex Value="0"/>
        <TopLine Value="82"/>
        <CursorPos X="36" Y="85"/>
        <UsageCount Value="88"/>
      </Unit30>
      <Unit31>
        <Filename Value="C:\lazarus\components\lzRichEdit\wslzrichedit.pas"/>
        <UnitName Value="WSlzRichEdit"/>
        <WindowIndex Value="0"/>
        <TopLine Value="25"/>
        <CursorPos X="42" Y="36"/>
        <UsageCount Value="6"/>
      </Unit31>
      <Unit32>
        <Filename Value="C:\lazarus\components\lzRichEdit\lzrichedit.inc"/>
        <WindowIndex Value="0"/>
        <TopLine Value="55"/>
        <CursorPos X="37" Y="67"/>
        <UsageCount Value="6"/>
      </Unit32>
      <Unit33>
        <Filename Value="Imagens\usobre.pas"/>
        <ComponentName Value="Form2"/>
        <ResourceBaseClass Value="Form"/>
        <UnitName Value="USobre"/>
        <WindowIndex Value="0"/>
        <TopLine Value="1"/>
        <CursorPos X="1" Y="1"/>
        <UsageCount Value="16"/>
      </Unit33>
      <Unit34>
        <Filename Value="usobre.pas"/>
        <IsPartOfProject Value="True"/>
        <ComponentName Value="frmSobre"/>
        <ResourceBaseClass Value="Form"/>
        <UnitName Value="USobre"/>
        <WindowIndex Value="0"/>
        <TopLine Value="14"/>
        <CursorPos X="45" Y="29"/>
        <UsageCount Value="86"/>
      </Unit34>
      <Unit35>
        <Filename Value="C:\lazarus\components\lzRichEdit\lzricheditfactory.pas"/>
        <UnitName Value="lzRichEditFactory"/>
        <WindowIndex Value="0"/>
        <TopLine Value="1"/>
        <CursorPos X="19" Y="19"/>
        <UsageCount Value="6"/>
      </Unit35>
      <Unit36>
        <Filename Value="..\..\..\usr\share\lazarus\0.9.29\components\lzRichEdit\lzrichedit.inc"/>
        <WindowIndex Value="0"/>
        <TopLine Value="1"/>
        <CursorPos X="1" Y="3"/>
        <UsageCount Value="6"/>
      </Unit36>
      <Unit37>
        <Filename Value="..\..\..\usr\lib\lazarus\0.9.29\components\lzRichEdit\Windows\win_wslzrichedit.pas"/>
        <UnitName Value="Win_WSlzRichEdit"/>
        <WindowIndex Value="0"/>
        <TopLine Value="181"/>
        <CursorPos X="51" Y="403"/>
        <UsageCount Value="6"/>
      </Unit37>
      <Unit38>
        <Filename Value="..\..\..\usr\lib\lazarus\0.9.29\components\lzRichEdit\gtk2\gtk2_wslzrichedit.pas"/>
        <UnitName Value="GTK2_WSlzRichEdit"/>
        <WindowIndex Value="0"/>
        <TopLine Value="283"/>
        <CursorPos X="7" Y="287"/>
        <UsageCount Value="14"/>
      </Unit38>
      <Unit39>
        <Filename Value="..\..\..\usr\lib\lazarus\0.9.29\components\lzRichEdit\lzricheditfactory.pas"/>
        <UnitName Value="lzRichEditFactory"/>
        <WindowIndex Value="0"/>
        <TopLine Value="14"/>
        <CursorPos X="19" Y="23"/>
        <UsageCount Value="6"/>
      </Unit39>
      <Unit40>
        <Filename Value="..\..\..\usr\lib\lazarus\0.9.29\components\lzRichEdit\lzrichedit.inc"/>
        <WindowIndex Value="0"/>
        <TopLine Value="73"/>
        <CursorPos X="37" Y="88"/>
        <UsageCount Value="6"/>
      </Unit40>
      <Unit41>
        <Filename Value="..\..\..\usr\lib\lazarus\0.9.29\components\lzRichEdit\lzrichedittypes.pas"/>
        <UnitName Value="lzRichEditTypes"/>
        <WindowIndex Value="0"/>
        <TopLine Value="1"/>
        <CursorPos X="6" Y="3"/>
        <UsageCount Value="10"/>
      </Unit41>
      <Unit42>
        <Filename Value="..\..\..\usr\share\fpcsrc\2.5.1\packages\gtk2\src\gtk+\gtk\gtktextbuffer.inc"/>
        <WindowIndex Value="0"/>
        <TopLine Value="126"/>
        <CursorPos X="134" Y="138"/>
        <UsageCount Value="7"/>
      </Unit42>
      <Unit43>
        <Filename Value="..\..\..\usr\share\lazarus\0.9.29\lcl\graphics.pp"/>
        <UnitName Value="Graphics"/>
        <WindowIndex Value="0"/>
        <TopLine Value="73"/>
        <CursorPos X="46" Y="56"/>
        <UsageCount Value="7"/>
      </Unit43>
      <Unit44>
        <Filename Value="..\..\..\usr\share\fpcsrc\2.5.1\packages\gtk2\src\gtk+\gtk\gtktexttag.inc"/>
        <WindowIndex Value="0"/>
        <TopLine Value="93"/>
        <CursorPos X="17" Y="104"/>
        <UsageCount Value="6"/>
      </Unit44>
      <Unit45>
        <Filename Value="..\..\..\usr\lib\lazarus\0.9.29\components\lzRichEdit\lzrichedit.pas"/>
        <UnitName Value="lzRichEdit"/>
        <WindowIndex Value="0"/>
        <TopLine Value="178"/>
        <CursorPos X="88" Y="191"/>
        <UsageCount Value="11"/>
      </Unit45>
      <Unit46>
        <Filename Value="..\..\..\usr\share\lazarus\0.9.29\lcl\widgetset\wscontrols.pp"/>
        <UnitName Value="WSControls"/>
        <WindowIndex Value="0"/>
        <TopLine Value="109"/>
        <CursorPos X="21" Y="117"/>
        <UsageCount Value="6"/>
      </Unit46>
      <Unit47>
        <Filename Value="..\..\..\usr\lib\lazarus\0.9.29\components\lzRichEdit\wslzrichedit.pas"/>
        <UnitName Value="WSlzRichEdit"/>
        <WindowIndex Value="0"/>
        <TopLine Value="1"/>
        <CursorPos X="67" Y="125"/>
        <UsageCount Value="9"/>
      </Unit47>
      <Unit48>
        <Filename Value="..\..\..\usr\share\lazarus\0.9.29\lcl\widgetset\wsstdctrls.pp"/>
        <UnitName Value="WSStdCtrls"/>
        <WindowIndex Value="0"/>
        <TopLine Value="49"/>
        <CursorPos X="30" Y="54"/>
        <UsageCount Value="6"/>
      </Unit48>
      <Unit49>
        <Filename Value="..\..\..\usr\share\fpcsrc\2.5.1\packages\gtk2\src\gtk+\gtk\gtkobject.inc"/>
        <WindowIndex Value="0"/>
        <TopLine Value="1"/>
        <CursorPos X="4" Y="4"/>
        <UsageCount Value="6"/>
      </Unit49>
      <Unit50>
        <Filename Value="..\..\..\usr\share\lazarus\0.9.29\lcl\interfaces\gtk2\gtk2wscontrols.pp"/>
        <UnitName Value="Gtk2WSControls"/>
        <WindowIndex Value="0"/>
        <TopLine Value="68"/>
        <CursorPos X="44" Y="76"/>
        <UsageCount Value="6"/>
      </Unit50>
      <Unit51>
        <Filename Value="..\..\..\usr\share\lazarus\0.9.29\components\lzRichEdit\gtk2\gtk2_wslzrichedit.pas"/>
        <UnitName Value="GTK2_WSlzRichEdit"/>
        <WindowIndex Value="0"/>
        <TopLine Value="103"/>
        <CursorPos X="1" Y="116"/>
        <UsageCount Value="8"/>
      </Unit51>
      <Unit52>
        <Filename Value="ugetfontlinux.pas"/>
        <IsPartOfProject Value="True"/>
        <UnitName Value="UGetFontLinux"/>
        <WindowIndex Value="0"/>
        <TopLine Value="1"/>
        <CursorPos X="21" Y="12"/>
        <UsageCount Value="79"/>
      </Unit52>
      <Unit53>
        <Filename Value="..\..\..\usr\share\fpcsrc\2.5.1\rtl\inc\varianth.inc"/>
        <WindowIndex Value="0"/>
        <TopLine Value="495"/>
        <CursorPos X="44" Y="503"/>
        <UsageCount Value="7"/>
      </Unit53>
      <Unit54>
        <Filename Value="..\..\..\usr\share\fpcsrc\2.5.1\rtl\inc\ustringh.inc"/>
        <WindowIndex Value="0"/>
        <TopLine Value="22"/>
        <CursorPos X="34" Y="30"/>
        <UsageCount Value="6"/>
      </Unit54>
      <Unit55>
        <Filename Value="..\..\..\usr\share\fpcsrc\2.5.1\packages\gtk2\src\gtk+\gtk\gtkenums.inc"/>
        <WindowIndex Value="0"/>
        <TopLine Value="194"/>
        <CursorPos X="4" Y="207"/>
        <UsageCount Value="7"/>
      </Unit55>
      <Unit56>
        <Filename Value="..\..\..\usr\share\fpcsrc\2.5.1\packages\gtk2\src\gtk+\gtk\gtktextview.inc"/>
        <WindowIndex Value="0"/>
        <TopLine Value="195"/>
        <CursorPos X="39" Y="234"/>
        <UsageCount Value="7"/>
      </Unit56>
      <Unit57>
        <Filename Value="..\..\..\usr\share\lazarus\0.9.29\lcl\interfaces\gtk2\gtk2proc.pp"/>
        <UnitName Value="Gtk2Proc"/>
        <WindowIndex Value="0"/>
        <TopLine Value="319"/>
        <CursorPos X="65" Y="328"/>
        <UsageCount Value="6"/>
      </Unit57>
      <Unit58>
        <Filename Value="..\..\..\usr\share\lazarus\0.9.29\lcl\interfaces\gtk2\gtk2def.pp"/>
        <UnitName Value="Gtk2Def"/>
        <WindowIndex Value="0"/>
        <TopLine Value="456"/>
        <CursorPos X="3" Y="451"/>
        <UsageCount Value="6"/>
      </Unit58>
      <Unit59>
        <Filename Value="..\..\..\usr\share\fpcsrc\2.5.1\packages\gtk2\src\pango\pango-font.inc"/>
        <WindowIndex Value="0"/>
        <TopLine Value="183"/>
        <CursorPos X="10" Y="196"/>
        <UsageCount Value="6"/>
      </Unit59>
      <Unit60>
        <Filename Value="..\..\..\usr\share\fpcsrc\2.5.1\packages\gtk2\src\pango\pango.pas"/>
        <UnitName Value="pango"/>
        <WindowIndex Value="0"/>
        <TopLine Value="57"/>
        <CursorPos X="3" Y="70"/>
        <UsageCount Value="6"/>
      </Unit60>
      <Unit61>
        <Filename Value="..\..\..\usr\share\fpcsrc\2.5.1\packages\gtk2\src\gtk+\gtk\gtktextiter.inc"/>
        <WindowIndex Value="0"/>
        <TopLine Value="55"/>
        <CursorPos X="41" Y="4"/>
        <UsageCount Value="6"/>
      </Unit61>
      <Unit62>
        <Filename Value="C:\usr\lib\lazarus\0.9.29\components\lzRichEdit\gtk2\gtk2_wslzrichedit.pas"/>
        <UnitName Value="GTK2_WSlzRichEdit"/>
        <TopLine Value="14"/>
        <CursorPos X="3" Y="29"/>
        <UsageCount Value="23"/>
      </Unit62>
      <Unit63>
        <Filename Value="C:\usr\share\lazarus\0.9.29\lcl\lcltype.pp"/>
        <UnitName Value="LCLType"/>
        <WindowIndex Value="0"/>
        <TopLine Value="223"/>
        <CursorPos X="1" Y="1"/>
        <UsageCount Value="7"/>
      </Unit63>
      <Unit64>
        <Filename Value="C:\usr\lib\lazarus\0.9.29\components\lzRichEdit\wslzrichedit.pas"/>
        <UnitName Value="WSlzRichEdit"/>
        <WindowIndex Value="0"/>
        <TopLine Value="1"/>
        <CursorPos X="1" Y="30"/>
        <UsageCount Value="10"/>
      </Unit64>
      <Unit65>
        <Filename Value="C:\usr\lib\lazarus\0.9.29\components\lzRichEdit\lzrichedit.pas"/>
        <UnitName Value="lzRichEdit"/>
        <WindowIndex Value="0"/>
        <TopLine Value="1"/>
        <CursorPos X="1" Y="30"/>
        <UsageCount Value="16"/>
      </Unit65>
      <Unit66>
        <Filename Value="C:\usr\lib\lazarus\0.9.29\components\lzRichEdit\lzrichedittypes.pas"/>
        <UnitName Value="lzRichEditTypes"/>
        <WindowIndex Value="0"/>
        <TopLine Value="1"/>
        <CursorPos X="1" Y="30"/>
        <UsageCount Value="17"/>
      </Unit66>
      <Unit67>
        <Filename Value="C:\usr\share\fpcsrc\2.5.1\packages\gtk2\src\gtk+\gtk\gtktexttag.inc"/>
        <WindowIndex Value="0"/>
        <TopLine Value="92"/>
        <CursorPos X="43" Y="102"/>
        <UsageCount Value="7"/>
      </Unit67>
      <Unit68>
        <Filename Value="C:\usr\share\lazarus\0.9.29\lcl\dialogs.pp"/>
        <UnitName Value="Dialogs"/>
        <WindowIndex Value="0"/>
        <TopLine Value="260"/>
        <CursorPos X="32" Y="268"/>
        <UsageCount Value="7"/>
      </Unit68>
      <Unit69>
        <Filename Value="C:\usr\share\lazarus\0.9.29\lcl\include\colorbutton.inc"/>
        <WindowIndex Value="0"/>
        <TopLine Value="40"/>
        <CursorPos X="3" Y="42"/>
        <UsageCount Value="7"/>
      </Unit69>
      <Unit70>
        <Filename Value="C:\usr\share\fpcsrc\2.5.1\packages\gtk2\src\gtk+\gtk\gtktextiter.inc"/>
        <WindowIndex Value="0"/>
        <TopLine Value="19"/>
        <CursorPos X="46" Y="25"/>
        <UsageCount Value="8"/>
      </Unit70>
      <Unit71>
        <Filename Value="C:\usr\share\lazarus\0.9.29\lcl\lclproc.pas"/>
        <UnitName Value="LCLProc"/>
        <WindowIndex Value="0"/>
        <TopLine Value="288"/>
        <CursorPos X="23" Y="297"/>
        <UsageCount Value="11"/>
      </Unit71>
      <Unit72>
        <Filename Value="C:\usr\share\lazarus\0.9.29\lcl\graphics.pp"/>
        <UnitName Value="Graphics"/>
        <WindowIndex Value="0"/>
        <TopLine Value="43"/>
        <CursorPos X="22" Y="51"/>
        <UsageCount Value="9"/>
      </Unit72>
      <Unit73>
        <Filename Value="C:\usr\share\lazarus\0.9.29\lcl\widgetset\wsstdctrls.pp"/>
        <UnitName Value="WSStdCtrls"/>
        <WindowIndex Value="0"/>
        <TopLine Value="170"/>
        <CursorPos X="83" Y="172"/>
        <UsageCount Value="11"/>
      </Unit73>
      <Unit74>
        <Filename Value="C:\usr\share\lazarus\0.9.29\lcl\widgetset\wscontrols.pp"/>
        <UnitName Value="WSControls"/>
        <WindowIndex Value="0"/>
        <TopLine Value="92"/>
        <CursorPos X="3" Y="88"/>
        <UsageCount Value="7"/>
      </Unit74>
      <Unit75>
        <Filename Value="C:\usr\share\lazarus\0.9.29\lcl\stdctrls.pp"/>
        <UnitName Value="StdCtrls"/>
        <WindowIndex Value="0"/>
        <TopLine Value="799"/>
        <CursorPos X="21" Y="807"/>
        <UsageCount Value="7"/>
      </Unit75>
      <Unit76>
        <Filename Value="C:\usr\share\lazarus\0.9.29\lcl\controls.pp"/>
        <UnitName Value="Controls"/>
        <WindowIndex Value="0"/>
        <TopLine Value="1733"/>
        <CursorPos X="22" Y="1825"/>
        <UsageCount Value="7"/>
      </Unit76>
      <Unit77>
        <Filename Value="C:\usr\lib\lazarus\0.9.29\components\lzRichEdit\gtk2\rtftool.pas"/>
        <UnitName Value="RTFTool"/>
        <WindowIndex Value="0"/>
        <TopLine Value="67"/>
        <CursorPos X="34" Y="76"/>
        <UsageCount Value="20"/>
      </Unit77>
      <Unit78>
        <Filename Value="C:\usr\lib\lazarus\0.9.29\components\lzRichEdit\Windows\win_wslzrichedit.pas"/>
        <UnitName Value="Win_WSlzRichEdit"/>
        <WindowIndex Value="0"/>
        <TopLine Value="37"/>
        <CursorPos X="3" Y="38"/>
        <UsageCount Value="10"/>
      </Unit78>
      <Unit79>
        <Filename Value="C:\usr\lib\lazarus\0.9.29\components\lzRichEdit\lzricheditfactory.pas"/>
        <UnitName Value="lzRichEditFactory"/>
        <WindowIndex Value="0"/>
        <TopLine Value="1"/>
        <CursorPos X="1" Y="30"/>
        <UsageCount Value="10"/>
      </Unit79>
      <Unit80>
        <Filename Value="C:\usr\share\fpcsrc\2.5.1\packages\gtk2\src\gtk+\gtk\gtktextbuffer.inc"/>
        <WindowIndex Value="0"/>
        <TopLine Value="98"/>
        <CursorPos X="64" Y="106"/>
        <UsageCount Value="12"/>
      </Unit80>
      <Unit81>
        <Filename Value="C:\usr\share\lazarus\0.9.29\lcl\include\control.inc"/>
        <WindowIndex Value="0"/>
        <TopLine Value="2765"/>
        <CursorPos X="3" Y="2770"/>
        <UsageCount Value="7"/>
      </Unit81>
      <Unit82>
        <Filename Value="C:\usr\share\fpcsrc\2.5.1\rtl\inc\ustringh.inc"/>
        <WindowIndex Value="0"/>
        <TopLine Value="92"/>
        <CursorPos X="10" Y="100"/>
        <UsageCount Value="9"/>
      </Unit82>
      <Unit83>
        <Filename Value="C:\usr\share\fpcsrc\2.5.1\rtl\objpas\sysutils\sysstrh.inc"/>
        <WindowIndex Value="0"/>
        <TopLine Value="110"/>
        <CursorPos X="10" Y="118"/>
        <UsageCount Value="7"/>
      </Unit83>
      <Unit84>
        <Filename Value="C:\usr\share\lazarus\0.9.29\lcl\include\wincontrol.inc"/>
        <WindowIndex Value="0"/>
        <TopLine Value="7900"/>
        <CursorPos X="54" Y="7912"/>
        <UsageCount Value="7"/>
      </Unit84>
      <Unit85>
        <Filename Value="C:\usr\share\lazarus\0.9.29\lcl\include\custommemo.inc"/>
        <WindowIndex Value="0"/>
        <TopLine Value="194"/>
        <CursorPos X="29" Y="194"/>
        <UsageCount Value="7"/>
      </Unit85>
      <Unit86>
        <Filename Value="C:\usr\share\fpcsrc\2.5.1\rtl\objpas\classes\classesh.inc"/>
        <WindowIndex Value="0"/>
        <TopLine Value="57"/>
        <CursorPos X="29" Y="65"/>
        <UsageCount Value="8"/>
      </Unit86>
      <Unit87>
        <Filename Value="C:\usr\share\fpcsrc\2.5.1\rtl\inc\objpash.inc"/>
        <WindowIndex Value="0"/>
        <TopLine Value="184"/>
        <CursorPos X="23" Y="192"/>
        <UsageCount Value="8"/>
      </Unit87>
      <Unit88>
        <Filename Value="C:\usr\share\lazarus\0.9.29\components\lzRichEdit\gtk2\rtftool.pas"/>
        <UnitName Value="RTFTool"/>
        <WindowIndex Value="0"/>
        <TopLine Value="83"/>
        <CursorPos X="1" Y="91"/>
        <UsageCount Value="8"/>
      </Unit88>
      <Unit89>
        <Filename Value="C:\usr\share\lazarus\0.9.29\lcl\graphtype.pp"/>
        <UnitName Value="GraphType"/>
        <WindowIndex Value="0"/>
        <TopLine Value="31"/>
        <CursorPos X="3" Y="39"/>
        <UsageCount Value="9"/>
      </Unit89>
      <Unit90>
        <Filename Value="C:\usr\lib\lazarus\0.9.29\components\lzRichEdit\lzrichedit.inc"/>
        <WindowIndex Value="0"/>
        <TopLine Value="54"/>
        <CursorPos X="49" Y="62"/>
        <UsageCount Value="10"/>
      </Unit90>
      <Unit91>
        <Filename Value="C:\usr\lib\lazarus\0.9.29\components\lzRichEdit\Windows\richole.pas"/>
        <UnitName Value="RichOle"/>
        <WindowIndex Value="0"/>
        <TopLine Value="15"/>
        <CursorPos X="1" Y="30"/>
        <UsageCount Value="10"/>
      </Unit91>
      <Unit92>
        <Filename Value="C:\usr\lib\lazarus\0.9.29\components\lzRichEdit\Windows\lzrichole.pas"/>
        <UnitName Value="lzRichOle"/>
        <WindowIndex Value="0"/>
        <TopLine Value="15"/>
        <CursorPos X="1" Y="30"/>
        <UsageCount Value="10"/>
      </Unit92>
    </Units>
    <JumpHistory Count="1" HistoryIndex="0">
      <Position1>
        <Filename Value="uprincipal.pas"/>
        <Caret Line="438" Column="32" TopLine="409"/>
      </Position1>
    </JumpHistory>
  </ProjectOptions>
  <CompilerOptions>
    <Version Value="9"/>
    <PathDelim Value="\"/>
    <Target>
      <Filename Value="exRichEdit"/>
    </Target>
    <SearchPaths>
      <IncludeFiles Value="$(ProjOutDir)\"/>
      <UnitOutputDirectory Value="lib\$(TargetCPU)-$(TargetOS)"/>
    </SearchPaths>
    <Linking>
      <Debugging>
        <UseHeaptrc Value="True"/>
      </Debugging>
      <Options>
        <Win32>
          <GraphicApplication Value="True"/>
        </Win32>
      </Options>
    </Linking>
    <Other>
      <CompilerMessages>
        <UseMsgFile Value="True"/>
      </CompilerMessages>
      <CompilerPath Value="$(CompPath)"/>
    </Other>
  </CompilerOptions>
  <Debugging>
    <Exceptions Count="3">
      <Item1>
        <Name Value="EAbort"/>
      </Item1>
      <Item2>
        <Name Value="ECodetoolError"/>
      </Item2>
      <Item3>
        <Name Value="EFOpenError"/>
      </Item3>
    </Exceptions>
  </Debugging>
</CONFIG>
